// !$*UTF8*$!
{
	archiveVersion = 1;
	classes = {
	};
	objectVersion = 55;
	objects = {

/* Begin PBXBuildFile section */
		EC1B5F5927855EA200FE19A2 /* triangle.cpp in Sources */ = {isa = PBXBuildFile; fileRef = EC1B5F5827855EA200FE19A2 /* triangle.cpp */; };
		EC1B5F5E27855FF800FE19A2 /* helloWorld.cpp in Sources */ = {isa = PBXBuildFile; fileRef = EC1B5F5D27855FF800FE19A2 /* helloWorld.cpp */; };
		EC1D9D082787FE8E005EDF40 /* libGLAD.dylib in Frameworks */ = {isa = PBXBuildFile; fileRef = EC2E8DA82787FB1C00B6F123 /* libGLAD.dylib */; };
		EC1D9D092787FEAF005EDF40 /* libglfw.3.3.dylib in Frameworks */ = {isa = PBXBuildFile; fileRef = EC2E8DB82787FC0500B6F123 /* libglfw.3.3.dylib */; };
		EC1D9D2827880508005EDF40 /* imgui_demo.cpp in Sources */ = {isa = PBXBuildFile; fileRef = EC1D9D1927880508005EDF40 /* imgui_demo.cpp */; };
		EC1D9D2927880508005EDF40 /* imgui.h in Headers */ = {isa = PBXBuildFile; fileRef = EC1D9D1A27880508005EDF40 /* imgui.h */; };
		EC1D9D2A27880508005EDF40 /* imgui_impl_opengl3.h in Headers */ = {isa = PBXBuildFile; fileRef = EC1D9D1B27880508005EDF40 /* imgui_impl_opengl3.h */; };
		EC1D9D2B27880508005EDF40 /* imstb_textedit.h in Headers */ = {isa = PBXBuildFile; fileRef = EC1D9D1C27880508005EDF40 /* imstb_textedit.h */; };
		EC1D9D2C27880508005EDF40 /* imgui_internal.h in Headers */ = {isa = PBXBuildFile; fileRef = EC1D9D1D27880508005EDF40 /* imgui_internal.h */; };
		EC1D9D2D27880508005EDF40 /* imgui_draw.cpp in Sources */ = {isa = PBXBuildFile; fileRef = EC1D9D1E27880508005EDF40 /* imgui_draw.cpp */; };
		EC1D9D2E27880508005EDF40 /* imstb_truetype.h in Headers */ = {isa = PBXBuildFile; fileRef = EC1D9D1F27880508005EDF40 /* imstb_truetype.h */; };
		EC1D9D2F27880508005EDF40 /* imconfig.h in Headers */ = {isa = PBXBuildFile; fileRef = EC1D9D2027880508005EDF40 /* imconfig.h */; };
		EC1D9D3027880508005EDF40 /* imgui_impl_opengl3.cpp in Sources */ = {isa = PBXBuildFile; fileRef = EC1D9D2127880508005EDF40 /* imgui_impl_opengl3.cpp */; };
		EC1D9D3127880508005EDF40 /* imgui_impl_glfw.h in Headers */ = {isa = PBXBuildFile; fileRef = EC1D9D2227880508005EDF40 /* imgui_impl_glfw.h */; };
		EC1D9D3227880508005EDF40 /* imgui_impl_glfw.cpp in Sources */ = {isa = PBXBuildFile; fileRef = EC1D9D2327880508005EDF40 /* imgui_impl_glfw.cpp */; };
		EC1D9D3327880508005EDF40 /* imgui.cpp in Sources */ = {isa = PBXBuildFile; fileRef = EC1D9D2427880508005EDF40 /* imgui.cpp */; };
		EC1D9D3427880508005EDF40 /* imgui_widgets.cpp in Sources */ = {isa = PBXBuildFile; fileRef = EC1D9D2527880508005EDF40 /* imgui_widgets.cpp */; };
		EC1D9D3527880508005EDF40 /* imgui_tables.cpp in Sources */ = {isa = PBXBuildFile; fileRef = EC1D9D2627880508005EDF40 /* imgui_tables.cpp */; };
		EC1D9D3627880508005EDF40 /* imstb_rectpack.h in Headers */ = {isa = PBXBuildFile; fileRef = EC1D9D2727880508005EDF40 /* imstb_rectpack.h */; };
		EC1D9D3827880551005EDF40 /* imgui_impl_opengl3_loader.h in Headers */ = {isa = PBXBuildFile; fileRef = EC1D9D3727880551005EDF40 /* imgui_impl_opengl3_loader.h */; };
		EC1D9D3B2788059D005EDF40 /* libGLAD.dylib in Frameworks */ = {isa = PBXBuildFile; fileRef = EC2E8DA82787FB1C00B6F123 /* libGLAD.dylib */; };
		EC1D9D3C278805AE005EDF40 /* libglfw.3.3.dylib in Frameworks */ = {isa = PBXBuildFile; fileRef = EC2E8DB82787FC0500B6F123 /* libglfw.3.3.dylib */; };
		EC1D9D4027880B4F005EDF40 /* libDear ImGui.dylib in Frameworks */ = {isa = PBXBuildFile; fileRef = EC1D9D0E27880303005EDF40 /* libDear ImGui.dylib */; };
		EC1D9D4827880C38005EDF40 /* imguiExample.cpp in Sources */ = {isa = PBXBuildFile; fileRef = EC1D9D4727880C38005EDF40 /* imguiExample.cpp */; };
		EC1D9D5027880C86005EDF40 /* libDear ImGui.dylib in Frameworks */ = {isa = PBXBuildFile; fileRef = EC1D9D0E27880303005EDF40 /* libDear ImGui.dylib */; };
		EC1D9D5127880C86005EDF40 /* libGLAD.dylib in Frameworks */ = {isa = PBXBuildFile; fileRef = EC2E8DA82787FB1C00B6F123 /* libGLAD.dylib */; };
		EC1D9D5227880C97005EDF40 /* libglfw.3.3.dylib in Frameworks */ = {isa = PBXBuildFile; fileRef = EC2E8DB82787FC0500B6F123 /* libglfw.3.3.dylib */; };
		EC2E8DB42787FB5700B6F123 /* glad.c in Sources */ = {isa = PBXBuildFile; fileRef = EC2E8DB32787FB5700B6F123 /* glad.c */; };
		EC2E8DB92787FC0500B6F123 /* libglfw.3.3.dylib in Frameworks */ = {isa = PBXBuildFile; fileRef = EC2E8DB82787FC0500B6F123 /* libglfw.3.3.dylib */; };
		EC2E8DBA2787FC4400B6F123 /* libGLAD.dylib in Frameworks */ = {isa = PBXBuildFile; fileRef = EC2E8DA82787FB1C00B6F123 /* libGLAD.dylib */; };
/* End PBXBuildFile section */

/* Begin PBXContainerItemProxy section */
		EC1D9D062787FE89005EDF40 /* PBXContainerItemProxy */ = {
			isa = PBXContainerItemProxy;
			containerPortal = EC1B5F3327855C8800FE19A2 /* Project object */;
			proxyType = 1;
			remoteGlobalIDString = EC2E8DA72787FB1C00B6F123;
			remoteInfo = GLAD;
		};
		EC1D9D392788058C005EDF40 /* PBXContainerItemProxy */ = {
			isa = PBXContainerItemProxy;
			containerPortal = EC1B5F3327855C8800FE19A2 /* Project object */;
			proxyType = 1;
			remoteGlobalIDString = EC2E8DA72787FB1C00B6F123;
			remoteInfo = GLAD;
		};
		EC1D9D3D278805C5005EDF40 /* PBXContainerItemProxy */ = {
			isa = PBXContainerItemProxy;
			containerPortal = EC1B5F3327855C8800FE19A2 /* Project object */;
			proxyType = 1;
			remoteGlobalIDString = EC1D9D0D27880303005EDF40;
			remoteInfo = "Dear ImGui";
		};
		EC1D9D4C27880C81005EDF40 /* PBXContainerItemProxy */ = {
			isa = PBXContainerItemProxy;
			containerPortal = EC1B5F3327855C8800FE19A2 /* Project object */;
			proxyType = 1;
			remoteGlobalIDString = EC1D9D0D27880303005EDF40;
			remoteInfo = "Dear ImGui";
		};
		EC1D9D4E27880C81005EDF40 /* PBXContainerItemProxy */ = {
			isa = PBXContainerItemProxy;
			containerPortal = EC1B5F3327855C8800FE19A2 /* Project object */;
			proxyType = 1;
			remoteGlobalIDString = EC2E8DA72787FB1C00B6F123;
			remoteInfo = GLAD;
		};
		EC2E8DB52787FBA900B6F123 /* PBXContainerItemProxy */ = {
			isa = PBXContainerItemProxy;
			containerPortal = EC1B5F3327855C8800FE19A2 /* Project object */;
			proxyType = 1;
			remoteGlobalIDString = EC2E8DA72787FB1C00B6F123;
			remoteInfo = GLAD;
		};
/* End PBXContainerItemProxy section */

/* Begin PBXCopyFilesBuildPhase section */
		EC1B5F4927855CFB00FE19A2 /* CopyFiles */ = {
			isa = PBXCopyFilesBuildPhase;
			buildActionMask = 2147483647;
			dstPath = /usr/share/man/man1/;
			dstSubfolderSpec = 0;
			files = (
			);
			runOnlyForDeploymentPostprocessing = 1;
		};
		EC1B5F5427855EA200FE19A2 /* CopyFiles */ = {
			isa = PBXCopyFilesBuildPhase;
			buildActionMask = 2147483647;
			dstPath = /usr/share/man/man1/;
			dstSubfolderSpec = 0;
			files = (
			);
			runOnlyForDeploymentPostprocessing = 1;
		};
		EC1D9D4327880C38005EDF40 /* CopyFiles */ = {
			isa = PBXCopyFilesBuildPhase;
			buildActionMask = 2147483647;
			dstPath = /usr/share/man/man1/;
			dstSubfolderSpec = 0;
			files = (
			);
			runOnlyForDeploymentPostprocessing = 1;
		};
/* End PBXCopyFilesBuildPhase section */

/* Begin PBXFileReference section */
		EC1B5F4B27855CFB00FE19A2 /* helloWorld */ = {isa = PBXFileReference; explicitFileType = "compiled.mach-o.executable"; includeInIndex = 0; path = helloWorld; sourceTree = BUILT_PRODUCTS_DIR; };
		EC1B5F5627855EA200FE19A2 /* triangle */ = {isa = PBXFileReference; explicitFileType = "compiled.mach-o.executable"; includeInIndex = 0; path = triangle; sourceTree = BUILT_PRODUCTS_DIR; };
		EC1B5F5827855EA200FE19A2 /* triangle.cpp */ = {isa = PBXFileReference; lastKnownFileType = sourcecode.cpp.cpp; path = triangle.cpp; sourceTree = "<group>"; };
		EC1B5F5D27855FF800FE19A2 /* helloWorld.cpp */ = {isa = PBXFileReference; lastKnownFileType = sourcecode.cpp.cpp; path = helloWorld.cpp; sourceTree = "<group>"; };
		EC1D9D0E27880303005EDF40 /* libDear ImGui.dylib */ = {isa = PBXFileReference; explicitFileType = "compiled.mach-o.dylib"; includeInIndex = 0; path = "libDear ImGui.dylib"; sourceTree = BUILT_PRODUCTS_DIR; };
		EC1D9D1927880508005EDF40 /* imgui_demo.cpp */ = {isa = PBXFileReference; fileEncoding = 4; lastKnownFileType = sourcecode.cpp.cpp; path = imgui_demo.cpp; sourceTree = "<group>"; };
		EC1D9D1A27880508005EDF40 /* imgui.h */ = {isa = PBXFileReference; fileEncoding = 4; lastKnownFileType = sourcecode.c.h; path = imgui.h; sourceTree = "<group>"; };
		EC1D9D1B27880508005EDF40 /* imgui_impl_opengl3.h */ = {isa = PBXFileReference; fileEncoding = 4; lastKnownFileType = sourcecode.c.h; path = imgui_impl_opengl3.h; sourceTree = "<group>"; };
		EC1D9D1C27880508005EDF40 /* imstb_textedit.h */ = {isa = PBXFileReference; fileEncoding = 4; lastKnownFileType = sourcecode.c.h; path = imstb_textedit.h; sourceTree = "<group>"; };
		EC1D9D1D27880508005EDF40 /* imgui_internal.h */ = {isa = PBXFileReference; fileEncoding = 4; lastKnownFileType = sourcecode.c.h; path = imgui_internal.h; sourceTree = "<group>"; };
		EC1D9D1E27880508005EDF40 /* imgui_draw.cpp */ = {isa = PBXFileReference; fileEncoding = 4; lastKnownFileType = sourcecode.cpp.cpp; path = imgui_draw.cpp; sourceTree = "<group>"; };
		EC1D9D1F27880508005EDF40 /* imstb_truetype.h */ = {isa = PBXFileReference; fileEncoding = 4; lastKnownFileType = sourcecode.c.h; path = imstb_truetype.h; sourceTree = "<group>"; };
		EC1D9D2027880508005EDF40 /* imconfig.h */ = {isa = PBXFileReference; fileEncoding = 4; lastKnownFileType = sourcecode.c.h; path = imconfig.h; sourceTree = "<group>"; };
		EC1D9D2127880508005EDF40 /* imgui_impl_opengl3.cpp */ = {isa = PBXFileReference; fileEncoding = 4; lastKnownFileType = sourcecode.cpp.cpp; path = imgui_impl_opengl3.cpp; sourceTree = "<group>"; };
		EC1D9D2227880508005EDF40 /* imgui_impl_glfw.h */ = {isa = PBXFileReference; fileEncoding = 4; lastKnownFileType = sourcecode.c.h; path = imgui_impl_glfw.h; sourceTree = "<group>"; };
		EC1D9D2327880508005EDF40 /* imgui_impl_glfw.cpp */ = {isa = PBXFileReference; fileEncoding = 4; lastKnownFileType = sourcecode.cpp.cpp; path = imgui_impl_glfw.cpp; sourceTree = "<group>"; };
		EC1D9D2427880508005EDF40 /* imgui.cpp */ = {isa = PBXFileReference; fileEncoding = 4; lastKnownFileType = sourcecode.cpp.cpp; path = imgui.cpp; sourceTree = "<group>"; };
		EC1D9D2527880508005EDF40 /* imgui_widgets.cpp */ = {isa = PBXFileReference; fileEncoding = 4; lastKnownFileType = sourcecode.cpp.cpp; path = imgui_widgets.cpp; sourceTree = "<group>"; };
		EC1D9D2627880508005EDF40 /* imgui_tables.cpp */ = {isa = PBXFileReference; fileEncoding = 4; lastKnownFileType = sourcecode.cpp.cpp; path = imgui_tables.cpp; sourceTree = "<group>"; };
		EC1D9D2727880508005EDF40 /* imstb_rectpack.h */ = {isa = PBXFileReference; fileEncoding = 4; lastKnownFileType = sourcecode.c.h; path = imstb_rectpack.h; sourceTree = "<group>"; };
		EC1D9D3727880551005EDF40 /* imgui_impl_opengl3_loader.h */ = {isa = PBXFileReference; fileEncoding = 4; lastKnownFileType = sourcecode.c.h; path = imgui_impl_opengl3_loader.h; sourceTree = "<group>"; };
		EC1D9D4527880C38005EDF40 /* ImGuiExample */ = {isa = PBXFileReference; explicitFileType = "compiled.mach-o.executable"; includeInIndex = 0; path = ImGuiExample; sourceTree = BUILT_PRODUCTS_DIR; };
		EC1D9D4727880C38005EDF40 /* imguiExample.cpp */ = {isa = PBXFileReference; lastKnownFileType = sourcecode.cpp.cpp; path = imguiExample.cpp; sourceTree = "<group>"; };
		EC2E8DA82787FB1C00B6F123 /* libGLAD.dylib */ = {isa = PBXFileReference; explicitFileType = "compiled.mach-o.dylib"; includeInIndex = 0; path = libGLAD.dylib; sourceTree = BUILT_PRODUCTS_DIR; };
		EC2E8DB32787FB5700B6F123 /* glad.c */ = {isa = PBXFileReference; fileEncoding = 4; lastKnownFileType = sourcecode.c.c; path = glad.c; sourceTree = "<group>"; };
		EC2E8DB82787FC0500B6F123 /* libglfw.3.3.dylib */ = {isa = PBXFileReference; lastKnownFileType = "compiled.mach-o.dylib"; name = libglfw.3.3.dylib; path = ../../../../../opt/homebrew/Cellar/glfw/3.3.6/lib/libglfw.3.3.dylib; sourceTree = "<group>"; };
/* End PBXFileReference section */

/* Begin PBXFrameworksBuildPhase section */
		EC1B5F4827855CFB00FE19A2 /* Frameworks */ = {
			isa = PBXFrameworksBuildPhase;
			buildActionMask = 2147483647;
			files = (
				EC1D9D4027880B4F005EDF40 /* libDear ImGui.dylib in Frameworks */,
				EC2E8DBA2787FC4400B6F123 /* libGLAD.dylib in Frameworks */,
				EC2E8DB92787FC0500B6F123 /* libglfw.3.3.dylib in Frameworks */,
			);
			runOnlyForDeploymentPostprocessing = 0;
		};
		EC1B5F5327855EA200FE19A2 /* Frameworks */ = {
			isa = PBXFrameworksBuildPhase;
			buildActionMask = 2147483647;
			files = (
				EC1D9D092787FEAF005EDF40 /* libglfw.3.3.dylib in Frameworks */,
				EC1D9D082787FE8E005EDF40 /* libGLAD.dylib in Frameworks */,
			);
			runOnlyForDeploymentPostprocessing = 0;
		};
		EC1D9D0C27880303005EDF40 /* Frameworks */ = {
			isa = PBXFrameworksBuildPhase;
			buildActionMask = 2147483647;
			files = (
				EC1D9D3C278805AE005EDF40 /* libglfw.3.3.dylib in Frameworks */,
				EC1D9D3B2788059D005EDF40 /* libGLAD.dylib in Frameworks */,
			);
			runOnlyForDeploymentPostprocessing = 0;
		};
		EC1D9D4227880C38005EDF40 /* Frameworks */ = {
			isa = PBXFrameworksBuildPhase;
			buildActionMask = 2147483647;
			files = (
				EC1D9D5027880C86005EDF40 /* libDear ImGui.dylib in Frameworks */,
				EC1D9D5127880C86005EDF40 /* libGLAD.dylib in Frameworks */,
				EC1D9D5227880C97005EDF40 /* libglfw.3.3.dylib in Frameworks */,
			);
			runOnlyForDeploymentPostprocessing = 0;
		};
		EC2E8DA62787FB1C00B6F123 /* Frameworks */ = {
			isa = PBXFrameworksBuildPhase;
			buildActionMask = 2147483647;
			files = (
			);
			runOnlyForDeploymentPostprocessing = 0;
		};
/* End PBXFrameworksBuildPhase section */

/* Begin PBXGroup section */
		EC1B5F3227855C8800FE19A2 = {
			isa = PBXGroup;
			children = (
				EC1B5F4C27855CFB00FE19A2 /* helloWorld */,
				EC1B5F5727855EA200FE19A2 /* triangle */,
				EC2E8DA92787FB1C00B6F123 /* GLAD */,
				EC1D9D0F27880303005EDF40 /* Dear ImGui */,
				EC1D9D4627880C38005EDF40 /* ImGuiExample */,
				EC1B5F3C27855C8800FE19A2 /* Products */,
				EC2E8DB72787FC0500B6F123 /* Frameworks */,
			);
			sourceTree = "<group>";
		};
		EC1B5F3C27855C8800FE19A2 /* Products */ = {
			isa = PBXGroup;
			children = (
				EC1B5F4B27855CFB00FE19A2 /* helloWorld */,
				EC1B5F5627855EA200FE19A2 /* triangle */,
				EC2E8DA82787FB1C00B6F123 /* libGLAD.dylib */,
				EC1D9D0E27880303005EDF40 /* libDear ImGui.dylib */,
				EC1D9D4527880C38005EDF40 /* ImGuiExample */,
			);
			name = Products;
			sourceTree = "<group>";
		};
		EC1B5F4C27855CFB00FE19A2 /* helloWorld */ = {
			isa = PBXGroup;
			children = (
				EC1B5F5D27855FF800FE19A2 /* helloWorld.cpp */,
			);
			path = helloWorld;
			sourceTree = "<group>";
		};
		EC1B5F5727855EA200FE19A2 /* triangle */ = {
			isa = PBXGroup;
			children = (
				EC1B5F5827855EA200FE19A2 /* triangle.cpp */,
			);
			path = triangle;
			sourceTree = "<group>";
		};
		EC1D9D0F27880303005EDF40 /* Dear ImGui */ = {
			isa = PBXGroup;
			children = (
				EC1D9D2027880508005EDF40 /* imconfig.h */,
				EC1D9D3727880551005EDF40 /* imgui_impl_opengl3_loader.h */,
				EC1D9D1927880508005EDF40 /* imgui_demo.cpp */,
				EC1D9D1E27880508005EDF40 /* imgui_draw.cpp */,
				EC1D9D2327880508005EDF40 /* imgui_impl_glfw.cpp */,
				EC1D9D2227880508005EDF40 /* imgui_impl_glfw.h */,
				EC1D9D2127880508005EDF40 /* imgui_impl_opengl3.cpp */,
				EC1D9D1B27880508005EDF40 /* imgui_impl_opengl3.h */,
				EC1D9D1D27880508005EDF40 /* imgui_internal.h */,
				EC1D9D2627880508005EDF40 /* imgui_tables.cpp */,
				EC1D9D2527880508005EDF40 /* imgui_widgets.cpp */,
				EC1D9D2427880508005EDF40 /* imgui.cpp */,
				EC1D9D1A27880508005EDF40 /* imgui.h */,
				EC1D9D2727880508005EDF40 /* imstb_rectpack.h */,
				EC1D9D1C27880508005EDF40 /* imstb_textedit.h */,
				EC1D9D1F27880508005EDF40 /* imstb_truetype.h */,
			);
			path = "Dear ImGui";
			sourceTree = "<group>";
		};
		EC1D9D4627880C38005EDF40 /* ImGuiExample */ = {
			isa = PBXGroup;
			children = (
				EC1D9D4727880C38005EDF40 /* imguiExample.cpp */,
			);
			path = ImGuiExample;
			sourceTree = "<group>";
		};
		EC2E8DA92787FB1C00B6F123 /* GLAD */ = {
			isa = PBXGroup;
			children = (
				EC2E8DB32787FB5700B6F123 /* glad.c */,
			);
			path = GLAD;
			sourceTree = "<group>";
		};
		EC2E8DB72787FC0500B6F123 /* Frameworks */ = {
			isa = PBXGroup;
			children = (
				EC2E8DB82787FC0500B6F123 /* libglfw.3.3.dylib */,
			);
			name = Frameworks;
			sourceTree = "<group>";
		};
/* End PBXGroup section */

/* Begin PBXHeadersBuildPhase section */
		EC1D9D0A27880303005EDF40 /* Headers */ = {
			isa = PBXHeadersBuildPhase;
			buildActionMask = 2147483647;
			files = (
				EC1D9D2927880508005EDF40 /* imgui.h in Headers */,
				EC1D9D3627880508005EDF40 /* imstb_rectpack.h in Headers */,
				EC1D9D3127880508005EDF40 /* imgui_impl_glfw.h in Headers */,
				EC1D9D2E27880508005EDF40 /* imstb_truetype.h in Headers */,
				EC1D9D2C27880508005EDF40 /* imgui_internal.h in Headers */,
				EC1D9D2B27880508005EDF40 /* imstb_textedit.h in Headers */,
				EC1D9D3827880551005EDF40 /* imgui_impl_opengl3_loader.h in Headers */,
				EC1D9D2F27880508005EDF40 /* imconfig.h in Headers */,
				EC1D9D2A27880508005EDF40 /* imgui_impl_opengl3.h in Headers */,
			);
			runOnlyForDeploymentPostprocessing = 0;
		};
		EC2E8DA42787FB1C00B6F123 /* Headers */ = {
			isa = PBXHeadersBuildPhase;
			buildActionMask = 2147483647;
			files = (
			);
			runOnlyForDeploymentPostprocessing = 0;
		};
/* End PBXHeadersBuildPhase section */

/* Begin PBXNativeTarget section */
		EC1B5F4A27855CFB00FE19A2 /* helloWorld */ = {
			isa = PBXNativeTarget;
			buildConfigurationList = EC1B5F4F27855CFB00FE19A2 /* Build configuration list for PBXNativeTarget "helloWorld" */;
			buildPhases = (
				EC1B5F4727855CFB00FE19A2 /* Sources */,
				EC1B5F4827855CFB00FE19A2 /* Frameworks */,
				EC1B5F4927855CFB00FE19A2 /* CopyFiles */,
			);
			buildRules = (
			);
			dependencies = (
				EC1D9D3E278805C5005EDF40 /* PBXTargetDependency */,
				EC2E8DB62787FBA900B6F123 /* PBXTargetDependency */,
			);
			name = helloWorld;
			productName = helloWorld;
			productReference = EC1B5F4B27855CFB00FE19A2 /* helloWorld */;
			productType = "com.apple.product-type.tool";
		};
		EC1B5F5527855EA200FE19A2 /* triangle */ = {
			isa = PBXNativeTarget;
			buildConfigurationList = EC1B5F5A27855EA200FE19A2 /* Build configuration list for PBXNativeTarget "triangle" */;
			buildPhases = (
				EC1B5F5227855EA200FE19A2 /* Sources */,
				EC1B5F5327855EA200FE19A2 /* Frameworks */,
				EC1B5F5427855EA200FE19A2 /* CopyFiles */,
			);
			buildRules = (
			);
			dependencies = (
				EC1D9D072787FE89005EDF40 /* PBXTargetDependency */,
			);
			name = triangle;
			productName = triangle;
			productReference = EC1B5F5627855EA200FE19A2 /* triangle */;
			productType = "com.apple.product-type.tool";
		};
		EC1D9D0D27880303005EDF40 /* Dear ImGui */ = {
			isa = PBXNativeTarget;
			buildConfigurationList = EC1D9D1627880303005EDF40 /* Build configuration list for PBXNativeTarget "Dear ImGui" */;
			buildPhases = (
				EC1D9D0A27880303005EDF40 /* Headers */,
				EC1D9D0B27880303005EDF40 /* Sources */,
				EC1D9D0C27880303005EDF40 /* Frameworks */,
			);
			buildRules = (
			);
			dependencies = (
				EC1D9D3A2788058C005EDF40 /* PBXTargetDependency */,
			);
			name = "Dear ImGui";
			productName = "Dear ImGui";
			productReference = EC1D9D0E27880303005EDF40 /* libDear ImGui.dylib */;
			productType = "com.apple.product-type.library.dynamic";
		};
		EC1D9D4427880C38005EDF40 /* ImGuiExample */ = {
			isa = PBXNativeTarget;
			buildConfigurationList = EC1D9D4927880C38005EDF40 /* Build configuration list for PBXNativeTarget "ImGuiExample" */;
			buildPhases = (
				EC1D9D4127880C38005EDF40 /* Sources */,
				EC1D9D4227880C38005EDF40 /* Frameworks */,
				EC1D9D4327880C38005EDF40 /* CopyFiles */,
			);
			buildRules = (
			);
			dependencies = (
				EC1D9D4D27880C81005EDF40 /* PBXTargetDependency */,
				EC1D9D4F27880C81005EDF40 /* PBXTargetDependency */,
			);
			name = ImGuiExample;
			productName = ImGuiExample;
			productReference = EC1D9D4527880C38005EDF40 /* ImGuiExample */;
			productType = "com.apple.product-type.tool";
		};
		EC2E8DA72787FB1C00B6F123 /* GLAD */ = {
			isa = PBXNativeTarget;
			buildConfigurationList = EC2E8DB02787FB1C00B6F123 /* Build configuration list for PBXNativeTarget "GLAD" */;
			buildPhases = (
				EC2E8DA42787FB1C00B6F123 /* Headers */,
				EC2E8DA52787FB1C00B6F123 /* Sources */,
				EC2E8DA62787FB1C00B6F123 /* Frameworks */,
			);
			buildRules = (
			);
			dependencies = (
			);
			name = GLAD;
			productName = GLAD;
			productReference = EC2E8DA82787FB1C00B6F123 /* libGLAD.dylib */;
			productType = "com.apple.product-type.library.dynamic";
		};
/* End PBXNativeTarget section */

/* Begin PBXProject section */
		EC1B5F3327855C8800FE19A2 /* Project object */ = {
			isa = PBXProject;
			attributes = {
				BuildIndependentTargetsInParallel = 1;
				LastUpgradeCheck = 1320;
				TargetAttributes = {
					EC1B5F4A27855CFB00FE19A2 = {
						CreatedOnToolsVersion = 13.2.1;
					};
					EC1B5F5527855EA200FE19A2 = {
						CreatedOnToolsVersion = 13.2.1;
					};
					EC1D9D0D27880303005EDF40 = {
						CreatedOnToolsVersion = 13.2.1;
					};
					EC1D9D4427880C38005EDF40 = {
						CreatedOnToolsVersion = 13.2.1;
					};
					EC2E8DA72787FB1C00B6F123 = {
						CreatedOnToolsVersion = 13.2.1;
					};
				};
			};
			buildConfigurationList = EC1B5F3627855C8800FE19A2 /* Build configuration list for PBXProject "glfw-Demo" */;
			compatibilityVersion = "Xcode 13.0";
			developmentRegion = en;
			hasScannedForEncodings = 0;
			knownRegions = (
				en,
				Base,
			);
			mainGroup = EC1B5F3227855C8800FE19A2;
			productRefGroup = EC1B5F3C27855C8800FE19A2 /* Products */;
			projectDirPath = "";
			projectRoot = "";
			targets = (
				EC1B5F4A27855CFB00FE19A2 /* helloWorld */,
				EC1B5F5527855EA200FE19A2 /* triangle */,
				EC2E8DA72787FB1C00B6F123 /* GLAD */,
				EC1D9D0D27880303005EDF40 /* Dear ImGui */,
				EC1D9D4427880C38005EDF40 /* ImGuiExample */,
			);
		};
/* End PBXProject section */

/* Begin PBXSourcesBuildPhase section */
		EC1B5F4727855CFB00FE19A2 /* Sources */ = {
			isa = PBXSourcesBuildPhase;
			buildActionMask = 2147483647;
			files = (
				EC1B5F5E27855FF800FE19A2 /* helloWorld.cpp in Sources */,
			);
			runOnlyForDeploymentPostprocessing = 0;
		};
		EC1B5F5227855EA200FE19A2 /* Sources */ = {
			isa = PBXSourcesBuildPhase;
			buildActionMask = 2147483647;
			files = (
				EC1B5F5927855EA200FE19A2 /* triangle.cpp in Sources */,
			);
			runOnlyForDeploymentPostprocessing = 0;
		};
		EC1D9D0B27880303005EDF40 /* Sources */ = {
			isa = PBXSourcesBuildPhase;
			buildActionMask = 2147483647;
			files = (
				EC1D9D2827880508005EDF40 /* imgui_demo.cpp in Sources */,
				EC1D9D3427880508005EDF40 /* imgui_widgets.cpp in Sources */,
				EC1D9D3027880508005EDF40 /* imgui_impl_opengl3.cpp in Sources */,
				EC1D9D2D27880508005EDF40 /* imgui_draw.cpp in Sources */,
				EC1D9D3227880508005EDF40 /* imgui_impl_glfw.cpp in Sources */,
				EC1D9D3527880508005EDF40 /* imgui_tables.cpp in Sources */,
				EC1D9D3327880508005EDF40 /* imgui.cpp in Sources */,
			);
			runOnlyForDeploymentPostprocessing = 0;
		};
		EC1D9D4127880C38005EDF40 /* Sources */ = {
			isa = PBXSourcesBuildPhase;
			buildActionMask = 2147483647;
			files = (
				EC1D9D4827880C38005EDF40 /* imguiExample.cpp in Sources */,
			);
			runOnlyForDeploymentPostprocessing = 0;
		};
		EC2E8DA52787FB1C00B6F123 /* Sources */ = {
			isa = PBXSourcesBuildPhase;
			buildActionMask = 2147483647;
			files = (
				EC2E8DB42787FB5700B6F123 /* glad.c in Sources */,
			);
			runOnlyForDeploymentPostprocessing = 0;
		};
/* End PBXSourcesBuildPhase section */

/* Begin PBXTargetDependency section */
		EC1D9D072787FE89005EDF40 /* PBXTargetDependency */ = {
			isa = PBXTargetDependency;
			target = EC2E8DA72787FB1C00B6F123 /* GLAD */;
			targetProxy = EC1D9D062787FE89005EDF40 /* PBXContainerItemProxy */;
		};
		EC1D9D3A2788058C005EDF40 /* PBXTargetDependency */ = {
			isa = PBXTargetDependency;
			target = EC2E8DA72787FB1C00B6F123 /* GLAD */;
			targetProxy = EC1D9D392788058C005EDF40 /* PBXContainerItemProxy */;
		};
		EC1D9D3E278805C5005EDF40 /* PBXTargetDependency */ = {
			isa = PBXTargetDependency;
			target = EC1D9D0D27880303005EDF40 /* Dear ImGui */;
			targetProxy = EC1D9D3D278805C5005EDF40 /* PBXContainerItemProxy */;
		};
		EC1D9D4D27880C81005EDF40 /* PBXTargetDependency */ = {
			isa = PBXTargetDependency;
			target = EC1D9D0D27880303005EDF40 /* Dear ImGui */;
			targetProxy = EC1D9D4C27880C81005EDF40 /* PBXContainerItemProxy */;
		};
		EC1D9D4F27880C81005EDF40 /* PBXTargetDependency */ = {
			isa = PBXTargetDependency;
			target = EC2E8DA72787FB1C00B6F123 /* GLAD */;
			targetProxy = EC1D9D4E27880C81005EDF40 /* PBXContainerItemProxy */;
		};
		EC2E8DB62787FBA900B6F123 /* PBXTargetDependency */ = {
			isa = PBXTargetDependency;
			target = EC2E8DA72787FB1C00B6F123 /* GLAD */;
			targetProxy = EC2E8DB52787FBA900B6F123 /* PBXContainerItemProxy */;
		};
/* End PBXTargetDependency section */

/* Begin XCBuildConfiguration section */
		EC1B5F4027855C8800FE19A2 /* Debug */ = {
			isa = XCBuildConfiguration;
			buildSettings = {
				ALWAYS_SEARCH_USER_PATHS = YES;
				CLANG_ANALYZER_NONNULL = YES;
				CLANG_ANALYZER_NUMBER_OBJECT_CONVERSION = YES_AGGRESSIVE;
				CLANG_CXX_LANGUAGE_STANDARD = "gnu++17";
				CLANG_CXX_LIBRARY = "libc++";
				CLANG_ENABLE_MODULES = YES;
				CLANG_ENABLE_OBJC_ARC = YES;
				CLANG_ENABLE_OBJC_WEAK = YES;
				CLANG_WARN_BLOCK_CAPTURE_AUTORELEASING = YES;
				CLANG_WARN_BOOL_CONVERSION = YES;
				CLANG_WARN_COMMA = YES;
				CLANG_WARN_CONSTANT_CONVERSION = YES;
				CLANG_WARN_DEPRECATED_OBJC_IMPLEMENTATIONS = YES;
				CLANG_WARN_DIRECT_OBJC_ISA_USAGE = YES_ERROR;
				CLANG_WARN_DOCUMENTATION_COMMENTS = YES;
				CLANG_WARN_EMPTY_BODY = YES;
				CLANG_WARN_ENUM_CONVERSION = YES;
				CLANG_WARN_INFINITE_RECURSION = YES;
				CLANG_WARN_INT_CONVERSION = YES;
				CLANG_WARN_NON_LITERAL_NULL_CONVERSION = YES;
				CLANG_WARN_OBJC_IMPLICIT_RETAIN_SELF = YES;
				CLANG_WARN_OBJC_LITERAL_CONVERSION = YES;
				CLANG_WARN_OBJC_ROOT_CLASS = YES_ERROR;
				CLANG_WARN_QUOTED_INCLUDE_IN_FRAMEWORK_HEADER = YES;
				CLANG_WARN_RANGE_LOOP_ANALYSIS = YES;
				CLANG_WARN_STRICT_PROTOTYPES = YES;
				CLANG_WARN_SUSPICIOUS_MOVE = YES;
				CLANG_WARN_UNGUARDED_AVAILABILITY = YES_AGGRESSIVE;
				CLANG_WARN_UNREACHABLE_CODE = YES;
				CLANG_WARN__DUPLICATE_METHOD_MATCH = YES;
				COPY_PHASE_STRIP = NO;
				DEBUG_INFORMATION_FORMAT = dwarf;
				ENABLE_STRICT_OBJC_MSGSEND = YES;
				ENABLE_TESTABILITY = YES;
				GCC_C_LANGUAGE_STANDARD = gnu11;
				GCC_DYNAMIC_NO_PIC = NO;
				GCC_NO_COMMON_BLOCKS = YES;
				GCC_OPTIMIZATION_LEVEL = 0;
				GCC_PREPROCESSOR_DEFINITIONS = (
					"DEBUG=1",
					"$(inherited)",
				);
				GCC_WARN_64_TO_32_BIT_CONVERSION = YES;
				GCC_WARN_ABOUT_RETURN_TYPE = YES_ERROR;
				GCC_WARN_UNDECLARED_SELECTOR = YES;
				GCC_WARN_UNINITIALIZED_AUTOS = YES_AGGRESSIVE;
				GCC_WARN_UNUSED_FUNCTION = YES;
				GCC_WARN_UNUSED_VARIABLE = YES;
				HEADER_SEARCH_PATHS = (
					"/Users/liang/Projects/GLFW-Demo/include",
					/opt/homebrew/include,
				);
				MACOSX_DEPLOYMENT_TARGET = 12.1;
				MTL_ENABLE_DEBUG_INFO = INCLUDE_SOURCE;
				MTL_FAST_MATH = YES;
				ONLY_ACTIVE_ARCH = YES;
				SDKROOT = macosx;
			};
			name = Debug;
		};
		EC1B5F4127855C8800FE19A2 /* Release */ = {
			isa = XCBuildConfiguration;
			buildSettings = {
				ALWAYS_SEARCH_USER_PATHS = YES;
				CLANG_ANALYZER_NONNULL = YES;
				CLANG_ANALYZER_NUMBER_OBJECT_CONVERSION = YES_AGGRESSIVE;
				CLANG_CXX_LANGUAGE_STANDARD = "gnu++17";
				CLANG_CXX_LIBRARY = "libc++";
				CLANG_ENABLE_MODULES = YES;
				CLANG_ENABLE_OBJC_ARC = YES;
				CLANG_ENABLE_OBJC_WEAK = YES;
				CLANG_WARN_BLOCK_CAPTURE_AUTORELEASING = YES;
				CLANG_WARN_BOOL_CONVERSION = YES;
				CLANG_WARN_COMMA = YES;
				CLANG_WARN_CONSTANT_CONVERSION = YES;
				CLANG_WARN_DEPRECATED_OBJC_IMPLEMENTATIONS = YES;
				CLANG_WARN_DIRECT_OBJC_ISA_USAGE = YES_ERROR;
				CLANG_WARN_DOCUMENTATION_COMMENTS = YES;
				CLANG_WARN_EMPTY_BODY = YES;
				CLANG_WARN_ENUM_CONVERSION = YES;
				CLANG_WARN_INFINITE_RECURSION = YES;
				CLANG_WARN_INT_CONVERSION = YES;
				CLANG_WARN_NON_LITERAL_NULL_CONVERSION = YES;
				CLANG_WARN_OBJC_IMPLICIT_RETAIN_SELF = YES;
				CLANG_WARN_OBJC_LITERAL_CONVERSION = YES;
				CLANG_WARN_OBJC_ROOT_CLASS = YES_ERROR;
				CLANG_WARN_QUOTED_INCLUDE_IN_FRAMEWORK_HEADER = YES;
				CLANG_WARN_RANGE_LOOP_ANALYSIS = YES;
				CLANG_WARN_STRICT_PROTOTYPES = YES;
				CLANG_WARN_SUSPICIOUS_MOVE = YES;
				CLANG_WARN_UNGUARDED_AVAILABILITY = YES_AGGRESSIVE;
				CLANG_WARN_UNREACHABLE_CODE = YES;
				CLANG_WARN__DUPLICATE_METHOD_MATCH = YES;
				COPY_PHASE_STRIP = NO;
				DEBUG_INFORMATION_FORMAT = "dwarf-with-dsym";
				ENABLE_NS_ASSERTIONS = NO;
				ENABLE_STRICT_OBJC_MSGSEND = YES;
				GCC_C_LANGUAGE_STANDARD = gnu11;
				GCC_NO_COMMON_BLOCKS = YES;
				GCC_WARN_64_TO_32_BIT_CONVERSION = YES;
				GCC_WARN_ABOUT_RETURN_TYPE = YES_ERROR;
				GCC_WARN_UNDECLARED_SELECTOR = YES;
				GCC_WARN_UNINITIALIZED_AUTOS = YES_AGGRESSIVE;
				GCC_WARN_UNUSED_FUNCTION = YES;
				GCC_WARN_UNUSED_VARIABLE = YES;
				HEADER_SEARCH_PATHS = (
					"/Users/liang/Projects/GLFW-Demo/include",
					/opt/homebrew/include,
				);
				MACOSX_DEPLOYMENT_TARGET = 12.1;
				MTL_ENABLE_DEBUG_INFO = NO;
				MTL_FAST_MATH = YES;
				SDKROOT = macosx;
			};
			name = Release;
		};
		EC1B5F5027855CFB00FE19A2 /* Debug */ = {
			isa = XCBuildConfiguration;
			buildSettings = {
				CODE_SIGN_STYLE = Automatic;
				LIBRARY_SEARCH_PATHS = (
					"$(inherited)",
					/opt/homebrew/Cellar/glfw/3.3.6/lib,
				);
				PRODUCT_NAME = "$(TARGET_NAME)";
			};
			name = Debug;
		};
		EC1B5F5127855CFB00FE19A2 /* Release */ = {
			isa = XCBuildConfiguration;
			buildSettings = {
				CODE_SIGN_STYLE = Automatic;
				LIBRARY_SEARCH_PATHS = (
					"$(inherited)",
					/opt/homebrew/Cellar/glfw/3.3.6/lib,
				);
				PRODUCT_NAME = "$(TARGET_NAME)";
			};
			name = Release;
		};
		EC1B5F5B27855EA200FE19A2 /* Debug */ = {
			isa = XCBuildConfiguration;
			buildSettings = {
				CODE_SIGN_STYLE = Automatic;
				LIBRARY_SEARCH_PATHS = (
					"$(inherited)",
					/opt/homebrew/Cellar/glfw/3.3.6/lib,
				);
				PRODUCT_NAME = "$(TARGET_NAME)";
			};
			name = Debug;
		};
		EC1B5F5C27855EA200FE19A2 /* Release */ = {
			isa = XCBuildConfiguration;
			buildSettings = {
				CODE_SIGN_STYLE = Automatic;
				LIBRARY_SEARCH_PATHS = (
					"$(inherited)",
					/opt/homebrew/Cellar/glfw/3.3.6/lib,
				);
				PRODUCT_NAME = "$(TARGET_NAME)";
			};
			name = Release;
		};
		EC1D9D1727880303005EDF40 /* Debug */ = {
			isa = XCBuildConfiguration;
			buildSettings = {
				ALWAYS_SEARCH_USER_PATHS = NO;
				CODE_SIGN_STYLE = Automatic;
				DYLIB_COMPATIBILITY_VERSION = 1;
				DYLIB_CURRENT_VERSION = 1;
				EXECUTABLE_PREFIX = lib;
				GCC_ENABLE_CPP_EXCEPTIONS = YES;
				GCC_ENABLE_CPP_RTTI = YES;
				GCC_SYMBOLS_PRIVATE_EXTERN = YES;
				LIBRARY_SEARCH_PATHS = (
					"$(inherited)",
					/opt/homebrew/Cellar/glfw/3.3.6/lib,
				);
				PRODUCT_NAME = "$(TARGET_NAME)";
				SKIP_INSTALL = YES;
			};
			name = Debug;
		};
		EC1D9D1827880303005EDF40 /* Release */ = {
			isa = XCBuildConfiguration;
			buildSettings = {
				ALWAYS_SEARCH_USER_PATHS = NO;
				CODE_SIGN_STYLE = Automatic;
				DYLIB_COMPATIBILITY_VERSION = 1;
				DYLIB_CURRENT_VERSION = 1;
				EXECUTABLE_PREFIX = lib;
				GCC_ENABLE_CPP_EXCEPTIONS = YES;
				GCC_ENABLE_CPP_RTTI = YES;
				GCC_SYMBOLS_PRIVATE_EXTERN = YES;
				LIBRARY_SEARCH_PATHS = (
					"$(inherited)",
					/opt/homebrew/Cellar/glfw/3.3.6/lib,
				);
				PRODUCT_NAME = "$(TARGET_NAME)";
				SKIP_INSTALL = YES;
			};
			name = Release;
		};
		EC1D9D4A27880C38005EDF40 /* Debug */ = {
			isa = XCBuildConfiguration;
			buildSettings = {
				ALWAYS_SEARCH_USER_PATHS = NO;
				CODE_SIGN_STYLE = Automatic;
				LIBRARY_SEARCH_PATHS = (
					"$(inherited)",
					/opt/homebrew/Cellar/glfw/3.3.6/lib,
				);
				PRODUCT_NAME = "$(TARGET_NAME)";
			};
			name = Debug;
		};
		EC1D9D4B27880C38005EDF40 /* Release */ = {
			isa = XCBuildConfiguration;
			buildSettings = {
				ALWAYS_SEARCH_USER_PATHS = NO;
				CODE_SIGN_STYLE = Automatic;
				LIBRARY_SEARCH_PATHS = (
					"$(inherited)",
					/opt/homebrew/Cellar/glfw/3.3.6/lib,
				);
				PRODUCT_NAME = "$(TARGET_NAME)";
			};
			name = Release;
		};
		EC2E8DB12787FB1C00B6F123 /* Debug */ = {
			isa = XCBuildConfiguration;
			buildSettings = {
				ALWAYS_SEARCH_USER_PATHS = NO;
				CODE_SIGN_STYLE = Automatic;
				DYLIB_COMPATIBILITY_VERSION = 1;
				DYLIB_CURRENT_VERSION = 1;
				EXECUTABLE_PREFIX = lib;
				GCC_ENABLE_CPP_EXCEPTIONS = YES;
				GCC_ENABLE_CPP_RTTI = YES;
				GCC_SYMBOLS_PRIVATE_EXTERN = YES;
				PRODUCT_NAME = "$(TARGET_NAME)";
				SKIP_INSTALL = YES;
			};
			name = Debug;
		};
		EC2E8DB22787FB1C00B6F123 /* Release */ = {
			isa = XCBuildConfiguration;
			buildSettings = {
				ALWAYS_SEARCH_USER_PATHS = NO;
				CODE_SIGN_STYLE = Automatic;
				DYLIB_COMPATIBILITY_VERSION = 1;
				DYLIB_CURRENT_VERSION = 1;
				EXECUTABLE_PREFIX = lib;
				GCC_ENABLE_CPP_EXCEPTIONS = YES;
				GCC_ENABLE_CPP_RTTI = YES;
				GCC_SYMBOLS_PRIVATE_EXTERN = YES;
				PRODUCT_NAME = "$(TARGET_NAME)";
				SKIP_INSTALL = YES;
			};
			name = Release;
		};
/* End XCBuildConfiguration section */

/* Begin XCConfigurationList section */
		EC1B5F3627855C8800FE19A2 /* Build configuration list for PBXProject "glfw-Demo" */ = {
			isa = XCConfigurationList;
			buildConfigurations = (
				EC1B5F4027855C8800FE19A2 /* Debug */,
				EC1B5F4127855C8800FE19A2 /* Release */,
			);
			defaultConfigurationIsVisible = 0;
			defaultConfigurationName = Release;
		};
		EC1B5F4F27855CFB00FE19A2 /* Build configuration list for PBXNativeTarget "helloWorld" */ = {
			isa = XCConfigurationList;
			buildConfigurations = (
				EC1B5F5027855CFB00FE19A2 /* Debug */,
				EC1B5F5127855CFB00FE19A2 /* Release */,
			);
			defaultConfigurationIsVisible = 0;
			defaultConfigurationName = Release;
		};
		EC1B5F5A27855EA200FE19A2 /* Build configuration list for PBXNativeTarget "triangle" */ = {
			isa = XCConfigurationList;
			buildConfigurations = (
				EC1B5F5B27855EA200FE19A2 /* Debug */,
				EC1B5F5C27855EA200FE19A2 /* Release */,
			);
			defaultConfigurationIsVisible = 0;
			defaultConfigurationName = Release;
		};
		EC1D9D1627880303005EDF40 /* Build configuration list for PBXNativeTarget "Dear ImGui" */ = {
			isa = XCConfigurationList;
			buildConfigurations = (
				EC1D9D1727880303005EDF40 /* Debug */,
				EC1D9D1827880303005EDF40 /* Release */,
			);
			defaultConfigurationIsVisible = 0;
			defaultConfigurationName = Release;
		};
		EC1D9D4927880C38005EDF40 /* Build configuration list for PBXNativeTarget "ImGuiExample" */ = {
			isa = XCConfigurationList;
			buildConfigurations = (
				EC1D9D4A27880C38005EDF40 /* Debug */,
				EC1D9D4B27880C38005EDF40 /* Release */,
			);
			defaultConfigurationIsVisible = 0;
			defaultConfigurationName = Release;
		};
		EC2E8DB02787FB1C00B6F123 /* Build configuration list for PBXNativeTarget "GLAD" */ = {
			isa = XCConfigurationList;
			buildConfigurations = (
				EC2E8DB12787FB1C00B6F123 /* Debug */,
				EC2E8DB22787FB1C00B6F123 /* Release */,
			);
			defaultConfigurationIsVisible = 0;
			defaultConfigurationName = Release;
		};
/* End XCConfigurationList section */
	};
	rootObject = EC1B5F3327855C8800FE19A2 /* Project object */;
}
